// !$*UTF8*$!
{
	archiveVersion = 1;
	classes = {
	};
	objectVersion = 50;
	objects = {

/* Begin PBXBuildFile section */
		4974650550770BB06389AF67 /* Pods_Restaurants.framework in Frameworks */ = {isa = PBXBuildFile; fileRef = C0EE4775AD9FE06490FF4DE8 /* Pods_Restaurants.framework */; };
		DE871D31CEE115116DDA66E9 /* Pods_RestaurantsTests.framework in Frameworks */ = {isa = PBXBuildFile; fileRef = 0EBD59D733C4FA5EE12F3E2A /* Pods_RestaurantsTests.framework */; };
		F89214AF2280AB38008B78DB /* sample1.json in Resources */ = {isa = PBXBuildFile; fileRef = F89214AD2280AA59008B78DB /* sample1.json */; };
		F89214B12280B92A008B78DB /* DBTests.swift in Sources */ = {isa = PBXBuildFile; fileRef = F89214B02280B92A008B78DB /* DBTests.swift */; };
		F89214B42280BD72008B78DB /* sample2.json in Resources */ = {isa = PBXBuildFile; fileRef = F89214B22280BD6D008B78DB /* sample2.json */; };
		F8BD29C6227ECF6B0021F944 /* AppDelegate.swift in Sources */ = {isa = PBXBuildFile; fileRef = F8BD29C5227ECF6B0021F944 /* AppDelegate.swift */; };
		F8BD29CB227ECF6B0021F944 /* Main.storyboard in Resources */ = {isa = PBXBuildFile; fileRef = F8BD29C9227ECF6B0021F944 /* Main.storyboard */; };
		F8BD29CD227ECF6C0021F944 /* Assets.xcassets in Resources */ = {isa = PBXBuildFile; fileRef = F8BD29CC227ECF6C0021F944 /* Assets.xcassets */; };
		F8BD29D0227ECF6C0021F944 /* LaunchScreen.storyboard in Resources */ = {isa = PBXBuildFile; fileRef = F8BD29CE227ECF6C0021F944 /* LaunchScreen.storyboard */; };
		F8BD29E8227ECF910021F944 /* Restaurant.swift in Sources */ = {isa = PBXBuildFile; fileRef = F8BD29E6227ECF910021F944 /* Restaurant.swift */; };
		F8BD29E9227ECF910021F944 /* SortingValues.swift in Sources */ = {isa = PBXBuildFile; fileRef = F8BD29E7227ECF910021F944 /* SortingValues.swift */; };
		F8BD29F1227ECFC10021F944 /* ListTableViewController.swift in Sources */ = {isa = PBXBuildFile; fileRef = F8BD29ED227ECFC10021F944 /* ListTableViewController.swift */; };
		F8BD29F3227ECFC10021F944 /* ContainerViewController.swift in Sources */ = {isa = PBXBuildFile; fileRef = F8BD29EF227ECFC10021F944 /* ContainerViewController.swift */; };
		F8BD29F4227ECFC10021F944 /* RestaurantsSearchController.swift in Sources */ = {isa = PBXBuildFile; fileRef = F8BD29F0227ECFC10021F944 /* RestaurantsSearchController.swift */; };
		F8BD29FA227ED08A0021F944 /* Errors.swift in Sources */ = {isa = PBXBuildFile; fileRef = F8BD29F6227ED0890021F944 /* Errors.swift */; };
		F8BD29FB227ED08A0021F944 /* RestaurantsVM.swift in Sources */ = {isa = PBXBuildFile; fileRef = F8BD29F7227ED08A0021F944 /* RestaurantsVM.swift */; };
		F8BD29FC227ED08A0021F944 /* restaurants.json in Resources */ = {isa = PBXBuildFile; fileRef = F8BD29F8227ED08A0021F944 /* restaurants.json */; };
		F8BD29FD227ED08A0021F944 /* Parser.swift in Sources */ = {isa = PBXBuildFile; fileRef = F8BD29F9227ED08A0021F944 /* Parser.swift */; };
		F8BD29FF227ED23B0021F944 /* RestaurantCell.swift in Sources */ = {isa = PBXBuildFile; fileRef = F8BD29FE227ED23B0021F944 /* RestaurantCell.swift */; };
		F8BD2A04227ED4C80021F944 /* ParserTests.swift in Sources */ = {isa = PBXBuildFile; fileRef = F8BD2A01227ED4C80021F944 /* ParserTests.swift */; };
		F8BD2A06227ED4F20021F944 /* all.json in Resources */ = {isa = PBXBuildFile; fileRef = F8BD2A00227ED4C80021F944 /* all.json */; };
		F8BD2A07227ED4F70021F944 /* notValid.json in Resources */ = {isa = PBXBuildFile; fileRef = F8BD2A02227ED4C80021F944 /* notValid.json */; };
		F8BD2A09227F0CB10021F944 /* RestaurantListSorting.swift in Sources */ = {isa = PBXBuildFile; fileRef = F8BD2A08227F0CB10021F944 /* RestaurantListSorting.swift */; };
		F8FAC9AC227FEBA60040D919 /* DBAdaptor.swift in Sources */ = {isa = PBXBuildFile; fileRef = F8FAC9AB227FEBA60040D919 /* DBAdaptor.swift */; };
		F8FAC9AE22803D0D0040D919 /* Sequence+Sorting.swift in Sources */ = {isa = PBXBuildFile; fileRef = F8FAC9AD22803D0D0040D919 /* Sequence+Sorting.swift */; };
		F8FAC9B022807B980040D919 /* Restaurant+Compare.swift in Sources */ = {isa = PBXBuildFile; fileRef = F8FAC9AF22807B980040D919 /* Restaurant+Compare.swift */; };
		F8FAC9B22280857F0040D919 /* DisplayOptions.swift in Sources */ = {isa = PBXBuildFile; fileRef = F8FAC9B12280857F0040D919 /* DisplayOptions.swift */; };
		F8FAC9B42280A0B20040D919 /* SorterTests.swift in Sources */ = {isa = PBXBuildFile; fileRef = F8FAC9B32280A0B20040D919 /* SorterTests.swift */; };
/* End PBXBuildFile section */

/* Begin PBXContainerItemProxy section */
		F8BD29D7227ECF6C0021F944 /* PBXContainerItemProxy */ = {
			isa = PBXContainerItemProxy;
			containerPortal = F8BD29BA227ECF6B0021F944 /* Project object */;
			proxyType = 1;
			remoteGlobalIDString = F8BD29C1227ECF6B0021F944;
			remoteInfo = Restaurants;
		};
/* End PBXContainerItemProxy section */

/* Begin PBXFileReference section */
		0EBD59D733C4FA5EE12F3E2A /* Pods_RestaurantsTests.framework */ = {isa = PBXFileReference; explicitFileType = wrapper.framework; includeInIndex = 0; path = Pods_RestaurantsTests.framework; sourceTree = BUILT_PRODUCTS_DIR; };
		1B61DF1FE4C3D42300098476 /* Pods-Restaurants.release.xcconfig */ = {isa = PBXFileReference; includeInIndex = 1; lastKnownFileType = text.xcconfig; name = "Pods-Restaurants.release.xcconfig"; path = "Pods/Target Support Files/Pods-Restaurants/Pods-Restaurants.release.xcconfig"; sourceTree = "<group>"; };
		AE25167A34DA91D547897BE7 /* Pods-Restaurants.debug.xcconfig */ = {isa = PBXFileReference; includeInIndex = 1; lastKnownFileType = text.xcconfig; name = "Pods-Restaurants.debug.xcconfig"; path = "Pods/Target Support Files/Pods-Restaurants/Pods-Restaurants.debug.xcconfig"; sourceTree = "<group>"; };
		C0EE4775AD9FE06490FF4DE8 /* Pods_Restaurants.framework */ = {isa = PBXFileReference; explicitFileType = wrapper.framework; includeInIndex = 0; path = Pods_Restaurants.framework; sourceTree = BUILT_PRODUCTS_DIR; };
		DF8901EB4C05B7AD0D8BF46D /* Pods-RestaurantsTests.release.xcconfig */ = {isa = PBXFileReference; includeInIndex = 1; lastKnownFileType = text.xcconfig; name = "Pods-RestaurantsTests.release.xcconfig"; path = "Pods/Target Support Files/Pods-RestaurantsTests/Pods-RestaurantsTests.release.xcconfig"; sourceTree = "<group>"; };
		E1445180DDEE3DD7B841C33A /* Pods-RestaurantsTests.debug.xcconfig */ = {isa = PBXFileReference; includeInIndex = 1; lastKnownFileType = text.xcconfig; name = "Pods-RestaurantsTests.debug.xcconfig"; path = "Pods/Target Support Files/Pods-RestaurantsTests/Pods-RestaurantsTests.debug.xcconfig"; sourceTree = "<group>"; };
		F89214AD2280AA59008B78DB /* sample1.json */ = {isa = PBXFileReference; fileEncoding = 4; lastKnownFileType = text.json; path = sample1.json; sourceTree = "<group>"; };
		F89214B02280B92A008B78DB /* DBTests.swift */ = {isa = PBXFileReference; lastKnownFileType = sourcecode.swift; path = DBTests.swift; sourceTree = "<group>"; };
		F89214B22280BD6D008B78DB /* sample2.json */ = {isa = PBXFileReference; fileEncoding = 4; lastKnownFileType = text.json; path = sample2.json; sourceTree = "<group>"; };
		F8BD29C2227ECF6B0021F944 /* Restaurants.app */ = {isa = PBXFileReference; explicitFileType = wrapper.application; includeInIndex = 0; path = Restaurants.app; sourceTree = BUILT_PRODUCTS_DIR; };
		F8BD29C5227ECF6B0021F944 /* AppDelegate.swift */ = {isa = PBXFileReference; lastKnownFileType = sourcecode.swift; path = AppDelegate.swift; sourceTree = "<group>"; };
		F8BD29CA227ECF6B0021F944 /* Base */ = {isa = PBXFileReference; lastKnownFileType = file.storyboard; name = Base; path = Base.lproj/Main.storyboard; sourceTree = "<group>"; };
		F8BD29CC227ECF6C0021F944 /* Assets.xcassets */ = {isa = PBXFileReference; lastKnownFileType = folder.assetcatalog; path = Assets.xcassets; sourceTree = "<group>"; };
		F8BD29CF227ECF6C0021F944 /* Base */ = {isa = PBXFileReference; lastKnownFileType = file.storyboard; name = Base; path = Base.lproj/LaunchScreen.storyboard; sourceTree = "<group>"; };
		F8BD29D1227ECF6C0021F944 /* Info.plist */ = {isa = PBXFileReference; lastKnownFileType = text.plist.xml; path = Info.plist; sourceTree = "<group>"; };
		F8BD29D6227ECF6C0021F944 /* RestaurantsTests.xctest */ = {isa = PBXFileReference; explicitFileType = wrapper.cfbundle; includeInIndex = 0; path = RestaurantsTests.xctest; sourceTree = BUILT_PRODUCTS_DIR; };
		F8BD29DC227ECF6C0021F944 /* Info.plist */ = {isa = PBXFileReference; lastKnownFileType = text.plist.xml; path = Info.plist; sourceTree = "<group>"; };
		F8BD29E6227ECF910021F944 /* Restaurant.swift */ = {isa = PBXFileReference; fileEncoding = 4; lastKnownFileType = sourcecode.swift; path = Restaurant.swift; sourceTree = "<group>"; };
		F8BD29E7227ECF910021F944 /* SortingValues.swift */ = {isa = PBXFileReference; fileEncoding = 4; lastKnownFileType = sourcecode.swift; path = SortingValues.swift; sourceTree = "<group>"; };
		F8BD29ED227ECFC10021F944 /* ListTableViewController.swift */ = {isa = PBXFileReference; fileEncoding = 4; lastKnownFileType = sourcecode.swift; path = ListTableViewController.swift; sourceTree = "<group>"; };
		F8BD29EF227ECFC10021F944 /* ContainerViewController.swift */ = {isa = PBXFileReference; fileEncoding = 4; lastKnownFileType = sourcecode.swift; path = ContainerViewController.swift; sourceTree = "<group>"; };
		F8BD29F0227ECFC10021F944 /* RestaurantsSearchController.swift */ = {isa = PBXFileReference; fileEncoding = 4; lastKnownFileType = sourcecode.swift; path = RestaurantsSearchController.swift; sourceTree = "<group>"; };
		F8BD29F6227ED0890021F944 /* Errors.swift */ = {isa = PBXFileReference; fileEncoding = 4; lastKnownFileType = sourcecode.swift; path = Errors.swift; sourceTree = "<group>"; };
		F8BD29F7227ED08A0021F944 /* RestaurantsVM.swift */ = {isa = PBXFileReference; fileEncoding = 4; lastKnownFileType = sourcecode.swift; path = RestaurantsVM.swift; sourceTree = "<group>"; };
		F8BD29F8227ED08A0021F944 /* restaurants.json */ = {isa = PBXFileReference; fileEncoding = 4; lastKnownFileType = text.json; path = restaurants.json; sourceTree = "<group>"; };
		F8BD29F9227ED08A0021F944 /* Parser.swift */ = {isa = PBXFileReference; fileEncoding = 4; lastKnownFileType = sourcecode.swift; path = Parser.swift; sourceTree = "<group>"; };
		F8BD29FE227ED23B0021F944 /* RestaurantCell.swift */ = {isa = PBXFileReference; fileEncoding = 4; lastKnownFileType = sourcecode.swift; path = RestaurantCell.swift; sourceTree = "<group>"; };
		F8BD2A00227ED4C80021F944 /* all.json */ = {isa = PBXFileReference; fileEncoding = 4; lastKnownFileType = text.json; path = all.json; sourceTree = "<group>"; };
		F8BD2A01227ED4C80021F944 /* ParserTests.swift */ = {isa = PBXFileReference; fileEncoding = 4; lastKnownFileType = sourcecode.swift; path = ParserTests.swift; sourceTree = "<group>"; };
		F8BD2A02227ED4C80021F944 /* notValid.json */ = {isa = PBXFileReference; fileEncoding = 4; lastKnownFileType = text.json; path = notValid.json; sourceTree = "<group>"; };
		F8BD2A08227F0CB10021F944 /* RestaurantListSorting.swift */ = {isa = PBXFileReference; lastKnownFileType = sourcecode.swift; path = RestaurantListSorting.swift; sourceTree = "<group>"; };
		F8FAC9AB227FEBA60040D919 /* DBAdaptor.swift */ = {isa = PBXFileReference; lastKnownFileType = sourcecode.swift; path = DBAdaptor.swift; sourceTree = "<group>"; };
		F8FAC9AD22803D0D0040D919 /* Sequence+Sorting.swift */ = {isa = PBXFileReference; lastKnownFileType = sourcecode.swift; path = "Sequence+Sorting.swift"; sourceTree = "<group>"; };
		F8FAC9AF22807B980040D919 /* Restaurant+Compare.swift */ = {isa = PBXFileReference; lastKnownFileType = sourcecode.swift; path = "Restaurant+Compare.swift"; sourceTree = "<group>"; };
		F8FAC9B12280857F0040D919 /* DisplayOptions.swift */ = {isa = PBXFileReference; lastKnownFileType = sourcecode.swift; path = DisplayOptions.swift; sourceTree = "<group>"; };
		F8FAC9B32280A0B20040D919 /* SorterTests.swift */ = {isa = PBXFileReference; lastKnownFileType = sourcecode.swift; path = SorterTests.swift; sourceTree = "<group>"; };
/* End PBXFileReference section */

/* Begin PBXFrameworksBuildPhase section */
		F8BD29BF227ECF6B0021F944 /* Frameworks */ = {
			isa = PBXFrameworksBuildPhase;
			buildActionMask = 2147483647;
			files = (
				4974650550770BB06389AF67 /* Pods_Restaurants.framework in Frameworks */,
			);
			runOnlyForDeploymentPostprocessing = 0;
		};
		F8BD29D3227ECF6C0021F944 /* Frameworks */ = {
			isa = PBXFrameworksBuildPhase;
			buildActionMask = 2147483647;
			files = (
				DE871D31CEE115116DDA66E9 /* Pods_RestaurantsTests.framework in Frameworks */,
			);
			runOnlyForDeploymentPostprocessing = 0;
		};
/* End PBXFrameworksBuildPhase section */

/* Begin PBXGroup section */
		4461FE035CBE9D99D54E13D2 /* Pods */ = {
			isa = PBXGroup;
			children = (
				AE25167A34DA91D547897BE7 /* Pods-Restaurants.debug.xcconfig */,
				1B61DF1FE4C3D42300098476 /* Pods-Restaurants.release.xcconfig */,
				E1445180DDEE3DD7B841C33A /* Pods-RestaurantsTests.debug.xcconfig */,
				DF8901EB4C05B7AD0D8BF46D /* Pods-RestaurantsTests.release.xcconfig */,
			);
			name = Pods;
			sourceTree = "<group>";
		};
		F09E862562D66062C31F0C96 /* Frameworks */ = {
			isa = PBXGroup;
			children = (
				C0EE4775AD9FE06490FF4DE8 /* Pods_Restaurants.framework */,
				0EBD59D733C4FA5EE12F3E2A /* Pods_RestaurantsTests.framework */,
			);
			name = Frameworks;
			sourceTree = "<group>";
		};
		F89214AC2280A9CB008B78DB /* Other */ = {
			isa = PBXGroup;
			children = (
				F8BD29C5227ECF6B0021F944 /* AppDelegate.swift */,
				F8BD29CC227ECF6C0021F944 /* Assets.xcassets */,
				F8BD29CE227ECF6C0021F944 /* LaunchScreen.storyboard */,
			);
			path = Other;
			sourceTree = "<group>";
		};
		F8BD29B9227ECF6B0021F944 = {
			isa = PBXGroup;
			children = (
				F8BD29C4227ECF6B0021F944 /* Restaurants */,
				F8BD29D9227ECF6C0021F944 /* RestaurantsTests */,
				F8BD29C3227ECF6B0021F944 /* Products */,
				4461FE035CBE9D99D54E13D2 /* Pods */,
				F09E862562D66062C31F0C96 /* Frameworks */,
			);
			sourceTree = "<group>";
		};
		F8BD29C3227ECF6B0021F944 /* Products */ = {
			isa = PBXGroup;
			children = (
				F8BD29C2227ECF6B0021F944 /* Restaurants.app */,
				F8BD29D6227ECF6C0021F944 /* RestaurantsTests.xctest */,
			);
			name = Products;
			sourceTree = "<group>";
		};
		F8BD29C4227ECF6B0021F944 /* Restaurants */ = {
			isa = PBXGroup;
			children = (
				F8BD29EA227ECFA30021F944 /* View */,
				F8BD29F5227ED07D0021F944 /* ViewModel */,
				F8BD29E5227ECF7B0021F944 /* Model */,
				F89214AC2280A9CB008B78DB /* Other */,
				F8BD29D1227ECF6C0021F944 /* Info.plist */,
			);
			path = Restaurants;
			sourceTree = "<group>";
		};
		F8BD29D9227ECF6C0021F944 /* RestaurantsTests */ = {
			isa = PBXGroup;
			children = (
				F8BD2A00227ED4C80021F944 /* all.json */,
				F89214AD2280AA59008B78DB /* sample1.json */,
				F89214B22280BD6D008B78DB /* sample2.json */,
				F8BD2A02227ED4C80021F944 /* notValid.json */,
				F8BD2A01227ED4C80021F944 /* ParserTests.swift */,
				F8FAC9B32280A0B20040D919 /* SorterTests.swift */,
				F89214B02280B92A008B78DB /* DBTests.swift */,
				F8BD29DC227ECF6C0021F944 /* Info.plist */,
			);
			path = RestaurantsTests;
			sourceTree = "<group>";
		};
		F8BD29E5227ECF7B0021F944 /* Model */ = {
			isa = PBXGroup;
			children = (
				F8BD29E6227ECF910021F944 /* Restaurant.swift */,
				F8FAC9AF22807B980040D919 /* Restaurant+Compare.swift */,
				F8BD29E7227ECF910021F944 /* SortingValues.swift */,
				F8BD29F9227ED08A0021F944 /* Parser.swift */,
				F8FAC9AB227FEBA60040D919 /* DBAdaptor.swift */,
			);
			path = Model;
			sourceTree = "<group>";
		};
		F8BD29EA227ECFA30021F944 /* View */ = {
			isa = PBXGroup;
			children = (
				F8BD29EC227ECFB20021F944 /* Views */,
				F8BD29EB227ECFAB0021F944 /* Controllers */,
			);
			path = View;
			sourceTree = "<group>";
		};
		F8BD29EB227ECFAB0021F944 /* Controllers */ = {
			isa = PBXGroup;
			children = (
				F8BD29ED227ECFC10021F944 /* ListTableViewController.swift */,
				F8BD29F0227ECFC10021F944 /* RestaurantsSearchController.swift */,
				F8BD29EF227ECFC10021F944 /* ContainerViewController.swift */,
				F8BD2A08227F0CB10021F944 /* RestaurantListSorting.swift */,
			);
			path = Controllers;
			sourceTree = "<group>";
		};
		F8BD29EC227ECFB20021F944 /* Views */ = {
			isa = PBXGroup;
			children = (
				F8BD29FE227ED23B0021F944 /* RestaurantCell.swift */,
				F8BD29C9227ECF6B0021F944 /* Main.storyboard */,
			);
			path = Views;
			sourceTree = "<group>";
		};
		F8BD29F5227ED07D0021F944 /* ViewModel */ = {
			isa = PBXGroup;
			children = (
				F8BD29F6227ED0890021F944 /* Errors.swift */,
				F8BD29F8227ED08A0021F944 /* restaurants.json */,
				F8BD29F7227ED08A0021F944 /* RestaurantsVM.swift */,
				F8FAC9AD22803D0D0040D919 /* Sequence+Sorting.swift */,
				F8FAC9B12280857F0040D919 /* DisplayOptions.swift */,
			);
			path = ViewModel;
			sourceTree = "<group>";
		};
/* End PBXGroup section */

/* Begin PBXNativeTarget section */
		F8BD29C1227ECF6B0021F944 /* Restaurants */ = {
			isa = PBXNativeTarget;
			buildConfigurationList = F8BD29DF227ECF6C0021F944 /* Build configuration list for PBXNativeTarget "Restaurants" */;
			buildPhases = (
				BBA16F8E309D99DCE1F8808C /* [CP] Check Pods Manifest.lock */,
				F8BD29BE227ECF6B0021F944 /* Sources */,
				F8BD29BF227ECF6B0021F944 /* Frameworks */,
				F8BD29C0227ECF6B0021F944 /* Resources */,
				EF17432F338A435D897CA913 /* [CP] Embed Pods Frameworks */,
			);
			buildRules = (
			);
			dependencies = (
			);
			name = Restaurants;
			productName = Restaurants;
			productReference = F8BD29C2227ECF6B0021F944 /* Restaurants.app */;
			productType = "com.apple.product-type.application";
		};
		F8BD29D5227ECF6C0021F944 /* RestaurantsTests */ = {
			isa = PBXNativeTarget;
			buildConfigurationList = F8BD29E2227ECF6C0021F944 /* Build configuration list for PBXNativeTarget "RestaurantsTests" */;
			buildPhases = (
				4D7F348EDFDAC1D56D0A3A40 /* [CP] Check Pods Manifest.lock */,
				F8BD29D2227ECF6C0021F944 /* Sources */,
				F8BD29D3227ECF6C0021F944 /* Frameworks */,
				F8BD29D4227ECF6C0021F944 /* Resources */,
				B4BF56ED117C9497FA93ACAF /* [CP] Embed Pods Frameworks */,
			);
			buildRules = (
			);
			dependencies = (
				F8BD29D8227ECF6C0021F944 /* PBXTargetDependency */,
			);
			name = RestaurantsTests;
			productName = RestaurantsTests;
			productReference = F8BD29D6227ECF6C0021F944 /* RestaurantsTests.xctest */;
			productType = "com.apple.product-type.bundle.unit-test";
		};
/* End PBXNativeTarget section */

/* Begin PBXProject section */
		F8BD29BA227ECF6B0021F944 /* Project object */ = {
			isa = PBXProject;
			attributes = {
				LastSwiftUpdateCheck = 1020;
				LastUpgradeCheck = 1020;
				ORGANIZATIONNAME = "Tony Ayoub";
				TargetAttributes = {
					F8BD29C1227ECF6B0021F944 = {
						CreatedOnToolsVersion = 10.2.1;
					};
					F8BD29D5227ECF6C0021F944 = {
						CreatedOnToolsVersion = 10.2.1;
						TestTargetID = F8BD29C1227ECF6B0021F944;
					};
				};
			};
			buildConfigurationList = F8BD29BD227ECF6B0021F944 /* Build configuration list for PBXProject "Restaurants" */;
			compatibilityVersion = "Xcode 9.3";
			developmentRegion = en;
			hasScannedForEncodings = 0;
			knownRegions = (
				en,
				Base,
			);
			mainGroup = F8BD29B9227ECF6B0021F944;
			productRefGroup = F8BD29C3227ECF6B0021F944 /* Products */;
			projectDirPath = "";
			projectRoot = "";
			targets = (
				F8BD29C1227ECF6B0021F944 /* Restaurants */,
				F8BD29D5227ECF6C0021F944 /* RestaurantsTests */,
			);
		};
/* End PBXProject section */

/* Begin PBXResourcesBuildPhase section */
		F8BD29C0227ECF6B0021F944 /* Resources */ = {
			isa = PBXResourcesBuildPhase;
			buildActionMask = 2147483647;
			files = (
				F89214B42280BD72008B78DB /* sample2.json in Resources */,
				F8BD29FC227ED08A0021F944 /* restaurants.json in Resources */,
				F8BD29D0227ECF6C0021F944 /* LaunchScreen.storyboard in Resources */,
				F8BD2A07227ED4F70021F944 /* notValid.json in Resources */,
				F8BD29CD227ECF6C0021F944 /* Assets.xcassets in Resources */,
				F8BD2A06227ED4F20021F944 /* all.json in Resources */,
				F89214AF2280AB38008B78DB /* sample1.json in Resources */,
				F8BD29CB227ECF6B0021F944 /* Main.storyboard in Resources */,
			);
			runOnlyForDeploymentPostprocessing = 0;
		};
		F8BD29D4227ECF6C0021F944 /* Resources */ = {
			isa = PBXResourcesBuildPhase;
			buildActionMask = 2147483647;
			files = (
			);
			runOnlyForDeploymentPostprocessing = 0;
		};
/* End PBXResourcesBuildPhase section */

/* Begin PBXShellScriptBuildPhase section */
		4D7F348EDFDAC1D56D0A3A40 /* [CP] Check Pods Manifest.lock */ = {
			isa = PBXShellScriptBuildPhase;
			buildActionMask = 2147483647;
			files = (
			);
			inputFileListPaths = (
			);
			inputPaths = (
				"${PODS_PODFILE_DIR_PATH}/Podfile.lock",
				"${PODS_ROOT}/Manifest.lock",
			);
			name = "[CP] Check Pods Manifest.lock";
			outputFileListPaths = (
			);
			outputPaths = (
				"$(DERIVED_FILE_DIR)/Pods-RestaurantsTests-checkManifestLockResult.txt",
			);
			runOnlyForDeploymentPostprocessing = 0;
			shellPath = /bin/sh;
			shellScript = "diff \"${PODS_PODFILE_DIR_PATH}/Podfile.lock\" \"${PODS_ROOT}/Manifest.lock\" > /dev/null\nif [ $? != 0 ] ; then\n    # print error to STDERR\n    echo \"error: The sandbox is not in sync with the Podfile.lock. Run 'pod install' or update your CocoaPods installation.\" >&2\n    exit 1\nfi\n# This output is used by Xcode 'outputs' to avoid re-running this script phase.\necho \"SUCCESS\" > \"${SCRIPT_OUTPUT_FILE_0}\"\n";
			showEnvVarsInLog = 0;
		};
		B4BF56ED117C9497FA93ACAF /* [CP] Embed Pods Frameworks */ = {
			isa = PBXShellScriptBuildPhase;
			buildActionMask = 2147483647;
			files = (
			);
			inputFileListPaths = (
			);
			inputPaths = (
				"${SRCROOT}/Pods/Target Support Files/Pods-RestaurantsTests/Pods-RestaurantsTests-frameworks.sh",
				"${BUILT_PRODUCTS_DIR}/RxSwift/RxSwift.framework",
				"${BUILT_PRODUCTS_DIR}/RxBlocking/RxBlocking.framework",
			);
			name = "[CP] Embed Pods Frameworks";
			outputFileListPaths = (
			);
			outputPaths = (
				"${TARGET_BUILD_DIR}/${FRAMEWORKS_FOLDER_PATH}/RxSwift.framework",
				"${TARGET_BUILD_DIR}/${FRAMEWORKS_FOLDER_PATH}/RxBlocking.framework",
			);
			runOnlyForDeploymentPostprocessing = 0;
			shellPath = /bin/sh;
			shellScript = "\"${SRCROOT}/Pods/Target Support Files/Pods-RestaurantsTests/Pods-RestaurantsTests-frameworks.sh\"\n";
			showEnvVarsInLog = 0;
		};
		BBA16F8E309D99DCE1F8808C /* [CP] Check Pods Manifest.lock */ = {
			isa = PBXShellScriptBuildPhase;
			buildActionMask = 2147483647;
			files = (
			);
			inputFileListPaths = (
			);
			inputPaths = (
				"${PODS_PODFILE_DIR_PATH}/Podfile.lock",
				"${PODS_ROOT}/Manifest.lock",
			);
			name = "[CP] Check Pods Manifest.lock";
			outputFileListPaths = (
			);
			outputPaths = (
				"$(DERIVED_FILE_DIR)/Pods-Restaurants-checkManifestLockResult.txt",
			);
			runOnlyForDeploymentPostprocessing = 0;
			shellPath = /bin/sh;
			shellScript = "diff \"${PODS_PODFILE_DIR_PATH}/Podfile.lock\" \"${PODS_ROOT}/Manifest.lock\" > /dev/null\nif [ $? != 0 ] ; then\n    # print error to STDERR\n    echo \"error: The sandbox is not in sync with the Podfile.lock. Run 'pod install' or update your CocoaPods installation.\" >&2\n    exit 1\nfi\n# This output is used by Xcode 'outputs' to avoid re-running this script phase.\necho \"SUCCESS\" > \"${SCRIPT_OUTPUT_FILE_0}\"\n";
			showEnvVarsInLog = 0;
		};
		EF17432F338A435D897CA913 /* [CP] Embed Pods Frameworks */ = {
			isa = PBXShellScriptBuildPhase;
			buildActionMask = 2147483647;
			files = (
			);
			inputFileListPaths = (
			);
			inputPaths = (
				"${SRCROOT}/Pods/Target Support Files/Pods-Restaurants/Pods-Restaurants-frameworks.sh",
				"${BUILT_PRODUCTS_DIR}/Realm/Realm.framework",
				"${BUILT_PRODUCTS_DIR}/RealmSwift/RealmSwift.framework",
				"${BUILT_PRODUCTS_DIR}/RxSwift/RxSwift.framework",
				"${BUILT_PRODUCTS_DIR}/SnapKit/SnapKit.framework",
			);
			name = "[CP] Embed Pods Frameworks";
			outputFileListPaths = (
			);
			outputPaths = (
				"${TARGET_BUILD_DIR}/${FRAMEWORKS_FOLDER_PATH}/Realm.framework",
				"${TARGET_BUILD_DIR}/${FRAMEWORKS_FOLDER_PATH}/RealmSwift.framework",
				"${TARGET_BUILD_DIR}/${FRAMEWORKS_FOLDER_PATH}/RxSwift.framework",
				"${TARGET_BUILD_DIR}/${FRAMEWORKS_FOLDER_PATH}/SnapKit.framework",
			);
			runOnlyForDeploymentPostprocessing = 0;
			shellPath = /bin/sh;
			shellScript = "\"${SRCROOT}/Pods/Target Support Files/Pods-Restaurants/Pods-Restaurants-frameworks.sh\"\n";
			showEnvVarsInLog = 0;
		};
/* End PBXShellScriptBuildPhase section */

/* Begin PBXSourcesBuildPhase section */
		F8BD29BE227ECF6B0021F944 /* Sources */ = {
			isa = PBXSourcesBuildPhase;
			buildActionMask = 2147483647;
			files = (
				F8BD29FF227ED23B0021F944 /* RestaurantCell.swift in Sources */,
				F8FAC9B22280857F0040D919 /* DisplayOptions.swift in Sources */,
				F8BD29FD227ED08A0021F944 /* Parser.swift in Sources */,
				F8BD2A09227F0CB10021F944 /* RestaurantListSorting.swift in Sources */,
				F8BD29E9227ECF910021F944 /* SortingValues.swift in Sources */,
				F8BD29FB227ED08A0021F944 /* RestaurantsVM.swift in Sources */,
				F8BD29F3227ECFC10021F944 /* ContainerViewController.swift in Sources */,
				F8BD29C6227ECF6B0021F944 /* AppDelegate.swift in Sources */,
				F8BD29F1227ECFC10021F944 /* ListTableViewController.swift in Sources */,
				F8BD29F4227ECFC10021F944 /* RestaurantsSearchController.swift in Sources */,
				F8FAC9AC227FEBA60040D919 /* DBAdaptor.swift in Sources */,
				F8FAC9B022807B980040D919 /* Restaurant+Compare.swift in Sources */,
				F8FAC9AE22803D0D0040D919 /* Sequence+Sorting.swift in Sources */,
				F8BD29FA227ED08A0021F944 /* Errors.swift in Sources */,
				F8BD29E8227ECF910021F944 /* Restaurant.swift in Sources */,
			);
			runOnlyForDeploymentPostprocessing = 0;
		};
		F8BD29D2227ECF6C0021F944 /* Sources */ = {
			isa = PBXSourcesBuildPhase;
			buildActionMask = 2147483647;
			files = (
				F89214B12280B92A008B78DB /* DBTests.swift in Sources */,
				F8FAC9B42280A0B20040D919 /* SorterTests.swift in Sources */,
				F8BD2A04227ED4C80021F944 /* ParserTests.swift in Sources */,
			);
			runOnlyForDeploymentPostprocessing = 0;
		};
/* End PBXSourcesBuildPhase section */

/* Begin PBXTargetDependency section */
		F8BD29D8227ECF6C0021F944 /* PBXTargetDependency */ = {
			isa = PBXTargetDependency;
			target = F8BD29C1227ECF6B0021F944 /* Restaurants */;
			targetProxy = F8BD29D7227ECF6C0021F944 /* PBXContainerItemProxy */;
		};
/* End PBXTargetDependency section */

/* Begin PBXVariantGroup section */
		F8BD29C9227ECF6B0021F944 /* Main.storyboard */ = {
			isa = PBXVariantGroup;
			children = (
				F8BD29CA227ECF6B0021F944 /* Base */,
			);
			name = Main.storyboard;
			sourceTree = "<group>";
		};
		F8BD29CE227ECF6C0021F944 /* LaunchScreen.storyboard */ = {
			isa = PBXVariantGroup;
			children = (
				F8BD29CF227ECF6C0021F944 /* Base */,
			);
			name = LaunchScreen.storyboard;
			sourceTree = "<group>";
		};
/* End PBXVariantGroup section */

/* Begin XCBuildConfiguration section */
		F8BD29DD227ECF6C0021F944 /* Debug */ = {
			isa = XCBuildConfiguration;
			buildSettings = {
				ALWAYS_SEARCH_USER_PATHS = NO;
				CLANG_ANALYZER_NONNULL = YES;
				CLANG_ANALYZER_NUMBER_OBJECT_CONVERSION = YES_AGGRESSIVE;
				CLANG_CXX_LANGUAGE_STANDARD = "gnu++14";
				CLANG_CXX_LIBRARY = "libc++";
				CLANG_ENABLE_MODULES = YES;
				CLANG_ENABLE_OBJC_ARC = YES;
				CLANG_ENABLE_OBJC_WEAK = YES;
				CLANG_WARN_BLOCK_CAPTURE_AUTORELEASING = YES;
				CLANG_WARN_BOOL_CONVERSION = YES;
				CLANG_WARN_COMMA = YES;
				CLANG_WARN_CONSTANT_CONVERSION = YES;
				CLANG_WARN_DEPRECATED_OBJC_IMPLEMENTATIONS = YES;
				CLANG_WARN_DIRECT_OBJC_ISA_USAGE = YES_ERROR;
				CLANG_WARN_DOCUMENTATION_COMMENTS = YES;
				CLANG_WARN_EMPTY_BODY = YES;
				CLANG_WARN_ENUM_CONVERSION = YES;
				CLANG_WARN_INFINITE_RECURSION = YES;
				CLANG_WARN_INT_CONVERSION = YES;
				CLANG_WARN_NON_LITERAL_NULL_CONVERSION = YES;
				CLANG_WARN_OBJC_IMPLICIT_RETAIN_SELF = YES;
				CLANG_WARN_OBJC_LITERAL_CONVERSION = YES;
				CLANG_WARN_OBJC_ROOT_CLASS = YES_ERROR;
				CLANG_WARN_RANGE_LOOP_ANALYSIS = YES;
				CLANG_WARN_STRICT_PROTOTYPES = YES;
				CLANG_WARN_SUSPICIOUS_MOVE = YES;
				CLANG_WARN_UNGUARDED_AVAILABILITY = YES_AGGRESSIVE;
				CLANG_WARN_UNREACHABLE_CODE = YES;
				CLANG_WARN__DUPLICATE_METHOD_MATCH = YES;
				CODE_SIGN_IDENTITY = "iPhone Developer";
				COPY_PHASE_STRIP = NO;
				DEBUG_INFORMATION_FORMAT = dwarf;
				ENABLE_STRICT_OBJC_MSGSEND = YES;
				ENABLE_TESTABILITY = YES;
				GCC_C_LANGUAGE_STANDARD = gnu11;
				GCC_DYNAMIC_NO_PIC = NO;
				GCC_NO_COMMON_BLOCKS = YES;
				GCC_OPTIMIZATION_LEVEL = 0;
				GCC_PREPROCESSOR_DEFINITIONS = (
					"DEBUG=1",
					"$(inherited)",
				);
				GCC_WARN_64_TO_32_BIT_CONVERSION = YES;
				GCC_WARN_ABOUT_RETURN_TYPE = YES_ERROR;
				GCC_WARN_UNDECLARED_SELECTOR = YES;
				GCC_WARN_UNINITIALIZED_AUTOS = YES_AGGRESSIVE;
				GCC_WARN_UNUSED_FUNCTION = YES;
				GCC_WARN_UNUSED_VARIABLE = YES;
				IPHONEOS_DEPLOYMENT_TARGET = 12.2;
				MTL_ENABLE_DEBUG_INFO = INCLUDE_SOURCE;
				MTL_FAST_MATH = YES;
				ONLY_ACTIVE_ARCH = YES;
				SDKROOT = iphoneos;
				SWIFT_ACTIVE_COMPILATION_CONDITIONS = DEBUG;
				SWIFT_OPTIMIZATION_LEVEL = "-Onone";
			};
			name = Debug;
		};
		F8BD29DE227ECF6C0021F944 /* Release */ = {
			isa = XCBuildConfiguration;
			buildSettings = {
				ALWAYS_SEARCH_USER_PATHS = NO;
				CLANG_ANALYZER_NONNULL = YES;
				CLANG_ANALYZER_NUMBER_OBJECT_CONVERSION = YES_AGGRESSIVE;
				CLANG_CXX_LANGUAGE_STANDARD = "gnu++14";
				CLANG_CXX_LIBRARY = "libc++";
				CLANG_ENABLE_MODULES = YES;
				CLANG_ENABLE_OBJC_ARC = YES;
				CLANG_ENABLE_OBJC_WEAK = YES;
				CLANG_WARN_BLOCK_CAPTURE_AUTORELEASING = YES;
				CLANG_WARN_BOOL_CONVERSION = YES;
				CLANG_WARN_COMMA = YES;
				CLANG_WARN_CONSTANT_CONVERSION = YES;
				CLANG_WARN_DEPRECATED_OBJC_IMPLEMENTATIONS = YES;
				CLANG_WARN_DIRECT_OBJC_ISA_USAGE = YES_ERROR;
				CLANG_WARN_DOCUMENTATION_COMMENTS = YES;
				CLANG_WARN_EMPTY_BODY = YES;
				CLANG_WARN_ENUM_CONVERSION = YES;
				CLANG_WARN_INFINITE_RECURSION = YES;
				CLANG_WARN_INT_CONVERSION = YES;
				CLANG_WARN_NON_LITERAL_NULL_CONVERSION = YES;
				CLANG_WARN_OBJC_IMPLICIT_RETAIN_SELF = YES;
				CLANG_WARN_OBJC_LITERAL_CONVERSION = YES;
				CLANG_WARN_OBJC_ROOT_CLASS = YES_ERROR;
				CLANG_WARN_RANGE_LOOP_ANALYSIS = YES;
				CLANG_WARN_STRICT_PROTOTYPES = YES;
				CLANG_WARN_SUSPICIOUS_MOVE = YES;
				CLANG_WARN_UNGUARDED_AVAILABILITY = YES_AGGRESSIVE;
				CLANG_WARN_UNREACHABLE_CODE = YES;
				CLANG_WARN__DUPLICATE_METHOD_MATCH = YES;
				CODE_SIGN_IDENTITY = "iPhone Developer";
				COPY_PHASE_STRIP = NO;
				DEBUG_INFORMATION_FORMAT = "dwarf-with-dsym";
				ENABLE_NS_ASSERTIONS = NO;
				ENABLE_STRICT_OBJC_MSGSEND = YES;
				GCC_C_LANGUAGE_STANDARD = gnu11;
				GCC_NO_COMMON_BLOCKS = YES;
				GCC_WARN_64_TO_32_BIT_CONVERSION = YES;
				GCC_WARN_ABOUT_RETURN_TYPE = YES_ERROR;
				GCC_WARN_UNDECLARED_SELECTOR = YES;
				GCC_WARN_UNINITIALIZED_AUTOS = YES_AGGRESSIVE;
				GCC_WARN_UNUSED_FUNCTION = YES;
				GCC_WARN_UNUSED_VARIABLE = YES;
				IPHONEOS_DEPLOYMENT_TARGET = 12.2;
				MTL_ENABLE_DEBUG_INFO = NO;
				MTL_FAST_MATH = YES;
				SDKROOT = iphoneos;
				SWIFT_COMPILATION_MODE = wholemodule;
				SWIFT_OPTIMIZATION_LEVEL = "-O";
				VALIDATE_PRODUCT = YES;
			};
			name = Release;
		};
		F8BD29E0227ECF6C0021F944 /* Debug */ = {
			isa = XCBuildConfiguration;
			baseConfigurationReference = AE25167A34DA91D547897BE7 /* Pods-Restaurants.debug.xcconfig */;
			buildSettings = {
				ASSETCATALOG_COMPILER_APPICON_NAME = AppIcon;
				CODE_SIGN_STYLE = Automatic;
				DEVELOPMENT_TEAM = 9HKUVL2QGT;
				INFOPLIST_FILE = Restaurants/Info.plist;
				LD_RUNPATH_SEARCH_PATHS = (
					"$(inherited)",
					"@executable_path/Frameworks",
				);
				PRODUCT_BUNDLE_IDENTIFIER = com.amahy.Restaurants;
				PRODUCT_NAME = "$(TARGET_NAME)";
				SWIFT_VERSION = 5.0;
				TARGETED_DEVICE_FAMILY = "1,2";
			};
			name = Debug;
		};
		F8BD29E1227ECF6C0021F944 /* Release */ = {
			isa = XCBuildConfiguration;
			baseConfigurationReference = 1B61DF1FE4C3D42300098476 /* Pods-Restaurants.release.xcconfig */;
			buildSettings = {
				ASSETCATALOG_COMPILER_APPICON_NAME = AppIcon;
				CODE_SIGN_STYLE = Automatic;
				DEVELOPMENT_TEAM = 9HKUVL2QGT;
				INFOPLIST_FILE = Restaurants/Info.plist;
				LD_RUNPATH_SEARCH_PATHS = (
					"$(inherited)",
					"@executable_path/Frameworks",
				);
				PRODUCT_BUNDLE_IDENTIFIER = com.amahy.Restaurants;
				PRODUCT_NAME = "$(TARGET_NAME)";
				SWIFT_VERSION = 5.0;
				TARGETED_DEVICE_FAMILY = "1,2";
			};
			name = Release;
		};
		F8BD29E3227ECF6C0021F944 /* Debug */ = {
			isa = XCBuildConfiguration;
			baseConfigurationReference = E1445180DDEE3DD7B841C33A /* Pods-RestaurantsTests.debug.xcconfig */;
			buildSettings = {
				ALWAYS_EMBED_SWIFT_STANDARD_LIBRARIES = YES;
				BUNDLE_LOADER = "$(TEST_HOST)";
				CODE_SIGN_STYLE = Automatic;
				DEVELOPMENT_TEAM = 9HKUVL2QGT;
				INFOPLIST_FILE = RestaurantsTests/Info.plist;
				LD_RUNPATH_SEARCH_PATHS = (
					"$(inherited)",
					"@executable_path/Frameworks",
					"@loader_path/Frameworks",
				);
				PRODUCT_BUNDLE_IDENTIFIER = com.amahy.RestaurantsTests;
				PRODUCT_NAME = "$(TARGET_NAME)";
				SWIFT_VERSION = 5.0;
				TARGETED_DEVICE_FAMILY = "1,2";
				TEST_HOST = "$(BUILT_PRODUCTS_DIR)/Restaurants.app/Restaurants";
			};
			name = Debug;
		};
		F8BD29E4227ECF6C0021F944 /* Release */ = {
			isa = XCBuildConfiguration;
			baseConfigurationReference = DF8901EB4C05B7AD0D8BF46D /* Pods-RestaurantsTests.release.xcconfig */;
			buildSettings = {
				ALWAYS_EMBED_SWIFT_STANDARD_LIBRARIES = YES;
				BUNDLE_LOADER = "$(TEST_HOST)";
				CODE_SIGN_STYLE = Automatic;
				DEVELOPMENT_TEAM = 9HKUVL2QGT;
				INFOPLIST_FILE = RestaurantsTests/Info.plist;
				LD_RUNPATH_SEARCH_PATHS = (
					"$(inherited)",
					"@executable_path/Frameworks",
					"@loader_path/Frameworks",
				);
				PRODUCT_BUNDLE_IDENTIFIER = com.amahy.RestaurantsTests;
				PRODUCT_NAME = "$(TARGET_NAME)";
				SWIFT_VERSION = 5.0;
				TARGETED_DEVICE_FAMILY = "1,2";
				TEST_HOST = "$(BUILT_PRODUCTS_DIR)/Restaurants.app/Restaurants";
			};
			name = Release;
		};
/* End XCBuildConfiguration section */

/* Begin XCConfigurationList section */
		F8BD29BD227ECF6B0021F944 /* Build configuration list for PBXProject "Restaurants" */ = {
			isa = XCConfigurationList;
			buildConfigurations = (
				F8BD29DD227ECF6C0021F944 /* Debug */,
				F8BD29DE227ECF6C0021F944 /* Release */,
			);
			defaultConfigurationIsVisible = 0;
			defaultConfigurationName = Release;
		};
		F8BD29DF227ECF6C0021F944 /* Build configuration list for PBXNativeTarget "Restaurants" */ = {
			isa = XCConfigurationList;
			buildConfigurations = (
				F8BD29E0227ECF6C0021F944 /* Debug */,
				F8BD29E1227ECF6C0021F944 /* Release */,
			);
			defaultConfigurationIsVisible = 0;
			defaultConfigurationName = Release;
		};
		F8BD29E2227ECF6C0021F944 /* Build configuration list for PBXNativeTarget "RestaurantsTests" */ = {
			isa = XCConfigurationList;
			buildConfigurations = (
				F8BD29E3227ECF6C0021F944 /* Debug */,
				F8BD29E4227ECF6C0021F944 /* Release */,
			);
			defaultConfigurationIsVisible = 0;
			defaultConfigurationName = Release;
		};
/* End XCConfigurationList section */
	};
	rootObject = F8BD29BA227ECF6B0021F944 /* Project object */;
}
